// !$*UTF8*$!
{
	archiveVersion = 1;
	classes = {
	};
	objectVersion = 50;
	objects = {

/* Begin PBXBuildFile section */
		468EB68222532F7100529F03 /* SLChartVew.swift in Sources */ = {isa = PBXBuildFile; fileRef = 468EB68122532F7100529F03 /* SLChartVew.swift */; };
		468EB684225335DF00529F03 /* SLLuckdrawView.swift in Sources */ = {isa = PBXBuildFile; fileRef = 468EB683225335DF00529F03 /* SLLuckdrawView.swift */; };
		468EB686225335F400529F03 /* SLLuckdrawView.xib in Resources */ = {isa = PBXBuildFile; fileRef = 468EB685225335F400529F03 /* SLLuckdrawView.xib */; };
		468EB6882253465000529F03 /* SLLuckdrawPieView.swift in Sources */ = {isa = PBXBuildFile; fileRef = 468EB6872253465000529F03 /* SLLuckdrawPieView.swift */; };
		46DF91C02252133300DCB733 /* AppDelegate.swift in Sources */ = {isa = PBXBuildFile; fileRef = 46DF91BF2252133300DCB733 /* AppDelegate.swift */; };
		46DF91C22252133300DCB733 /* ViewController.swift in Sources */ = {isa = PBXBuildFile; fileRef = 46DF91C12252133300DCB733 /* ViewController.swift */; };
		46DF91C52252133300DCB733 /* Main.storyboard in Resources */ = {isa = PBXBuildFile; fileRef = 46DF91C32252133300DCB733 /* Main.storyboard */; };
		46DF91C72252133400DCB733 /* Assets.xcassets in Resources */ = {isa = PBXBuildFile; fileRef = 46DF91C62252133400DCB733 /* Assets.xcassets */; };
		46DF91CA2252133400DCB733 /* LaunchScreen.storyboard in Resources */ = {isa = PBXBuildFile; fileRef = 46DF91C82252133400DCB733 /* LaunchScreen.storyboard */; };
		46DF91D52252133500DCB733 /* SLLuckyDrawTests.swift in Sources */ = {isa = PBXBuildFile; fileRef = 46DF91D42252133500DCB733 /* SLLuckyDrawTests.swift */; };
		46DF91E02252133500DCB733 /* SLLuckyDrawUITests.swift in Sources */ = {isa = PBXBuildFile; fileRef = 46DF91DF2252133500DCB733 /* SLLuckyDrawUITests.swift */; };
		46FE92E0225DF1C10007BD18 /* SLPrizeView.swift in Sources */ = {isa = PBXBuildFile; fileRef = 46FE92DF225DF1C10007BD18 /* SLPrizeView.swift */; };
		46FE92E2225DF1D10007BD18 /* SLPrizeView.xib in Resources */ = {isa = PBXBuildFile; fileRef = 46FE92E1225DF1D10007BD18 /* SLPrizeView.xib */; };
/* End PBXBuildFile section */

/* Begin PBXContainerItemProxy section */
		46DF91D12252133500DCB733 /* PBXContainerItemProxy */ = {
			isa = PBXContainerItemProxy;
			containerPortal = 46DF91B42252133300DCB733 /* Project object */;
			proxyType = 1;
			remoteGlobalIDString = 46DF91BB2252133300DCB733;
			remoteInfo = SLLuckyDraw;
		};
		46DF91DC2252133500DCB733 /* PBXContainerItemProxy */ = {
			isa = PBXContainerItemProxy;
			containerPortal = 46DF91B42252133300DCB733 /* Project object */;
			proxyType = 1;
			remoteGlobalIDString = 46DF91BB2252133300DCB733;
			remoteInfo = SLLuckyDraw;
		};
/* End PBXContainerItemProxy section */

/* Begin PBXFileReference section */
		468EB68122532F7100529F03 /* SLChartVew.swift */ = {isa = PBXFileReference; lastKnownFileType = sourcecode.swift; path = SLChartVew.swift; sourceTree = "<group>"; };
		468EB683225335DF00529F03 /* SLLuckdrawView.swift */ = {isa = PBXFileReference; lastKnownFileType = sourcecode.swift; path = SLLuckdrawView.swift; sourceTree = "<group>"; };
		468EB685225335F400529F03 /* SLLuckdrawView.xib */ = {isa = PBXFileReference; lastKnownFileType = file.xib; path = SLLuckdrawView.xib; sourceTree = "<group>"; };
		468EB6872253465000529F03 /* SLLuckdrawPieView.swift */ = {isa = PBXFileReference; lastKnownFileType = sourcecode.swift; path = SLLuckdrawPieView.swift; sourceTree = "<group>"; };
		46DF91BC2252133300DCB733 /* SLLuckyDraw.app */ = {isa = PBXFileReference; explicitFileType = wrapper.application; includeInIndex = 0; path = SLLuckyDraw.app; sourceTree = BUILT_PRODUCTS_DIR; };
		46DF91BF2252133300DCB733 /* AppDelegate.swift */ = {isa = PBXFileReference; lastKnownFileType = sourcecode.swift; path = AppDelegate.swift; sourceTree = "<group>"; };
		46DF91C12252133300DCB733 /* ViewController.swift */ = {isa = PBXFileReference; lastKnownFileType = sourcecode.swift; path = ViewController.swift; sourceTree = "<group>"; };
		46DF91C42252133300DCB733 /* Base */ = {isa = PBXFileReference; lastKnownFileType = file.storyboard; name = Base; path = Base.lproj/Main.storyboard; sourceTree = "<group>"; };
		46DF91C62252133400DCB733 /* Assets.xcassets */ = {isa = PBXFileReference; lastKnownFileType = folder.assetcatalog; path = Assets.xcassets; sourceTree = "<group>"; };
		46DF91C92252133400DCB733 /* Base */ = {isa = PBXFileReference; lastKnownFileType = file.storyboard; name = Base; path = Base.lproj/LaunchScreen.storyboard; sourceTree = "<group>"; };
		46DF91CB2252133400DCB733 /* Info.plist */ = {isa = PBXFileReference; lastKnownFileType = text.plist.xml; path = Info.plist; sourceTree = "<group>"; };
		46DF91D02252133500DCB733 /* SLLuckyDrawTests.xctest */ = {isa = PBXFileReference; explicitFileType = wrapper.cfbundle; includeInIndex = 0; path = SLLuckyDrawTests.xctest; sourceTree = BUILT_PRODUCTS_DIR; };
		46DF91D42252133500DCB733 /* SLLuckyDrawTests.swift */ = {isa = PBXFileReference; lastKnownFileType = sourcecode.swift; path = SLLuckyDrawTests.swift; sourceTree = "<group>"; };
		46DF91D62252133500DCB733 /* Info.plist */ = {isa = PBXFileReference; lastKnownFileType = text.plist.xml; path = Info.plist; sourceTree = "<group>"; };
		46DF91DB2252133500DCB733 /* SLLuckyDrawUITests.xctest */ = {isa = PBXFileReference; explicitFileType = wrapper.cfbundle; includeInIndex = 0; path = SLLuckyDrawUITests.xctest; sourceTree = BUILT_PRODUCTS_DIR; };
		46DF91DF2252133500DCB733 /* SLLuckyDrawUITests.swift */ = {isa = PBXFileReference; lastKnownFileType = sourcecode.swift; path = SLLuckyDrawUITests.swift; sourceTree = "<group>"; };
		46DF91E12252133500DCB733 /* Info.plist */ = {isa = PBXFileReference; lastKnownFileType = text.plist.xml; path = Info.plist; sourceTree = "<group>"; };
		46FE92DF225DF1C10007BD18 /* SLPrizeView.swift */ = {isa = PBXFileReference; lastKnownFileType = sourcecode.swift; path = SLPrizeView.swift; sourceTree = "<group>"; };
		46FE92E1225DF1D10007BD18 /* SLPrizeView.xib */ = {isa = PBXFileReference; lastKnownFileType = file.xib; path = SLPrizeView.xib; sourceTree = "<group>"; };
/* End PBXFileReference section */

/* Begin PBXFrameworksBuildPhase section */
		46DF91B92252133300DCB733 /* Frameworks */ = {
			isa = PBXFrameworksBuildPhase;
			buildActionMask = 2147483647;
			files = (
			);
			runOnlyForDeploymentPostprocessing = 0;
		};
		46DF91CD2252133500DCB733 /* Frameworks */ = {
			isa = PBXFrameworksBuildPhase;
			buildActionMask = 2147483647;
			files = (
			);
			runOnlyForDeploymentPostprocessing = 0;
		};
		46DF91D82252133500DCB733 /* Frameworks */ = {
			isa = PBXFrameworksBuildPhase;
			buildActionMask = 2147483647;
			files = (
			);
			runOnlyForDeploymentPostprocessing = 0;
		};
/* End PBXFrameworksBuildPhase section */

/* Begin PBXGroup section */
		46DF91B32252133300DCB733 = {
			isa = PBXGroup;
			children = (
				46DF91BE2252133300DCB733 /* SLLuckyDraw */,
				46DF91D32252133500DCB733 /* SLLuckyDrawTests */,
				46DF91DE2252133500DCB733 /* SLLuckyDrawUITests */,
				46DF91BD2252133300DCB733 /* Products */,
			);
			sourceTree = "<group>";
		};
		46DF91BD2252133300DCB733 /* Products */ = {
			isa = PBXGroup;
			children = (
				46DF91BC2252133300DCB733 /* SLLuckyDraw.app */,
				46DF91D02252133500DCB733 /* SLLuckyDrawTests.xctest */,
				46DF91DB2252133500DCB733 /* SLLuckyDrawUITests.xctest */,
			);
			name = Products;
			sourceTree = "<group>";
		};
		46DF91BE2252133300DCB733 /* SLLuckyDraw */ = {
			isa = PBXGroup;
			children = (
				46DF91BF2252133300DCB733 /* AppDelegate.swift */,
				46DF91C12252133300DCB733 /* ViewController.swift */,
				468EB68122532F7100529F03 /* SLChartVew.swift */,
				468EB683225335DF00529F03 /* SLLuckdrawView.swift */,
				468EB685225335F400529F03 /* SLLuckdrawView.xib */,
				468EB6872253465000529F03 /* SLLuckdrawPieView.swift */,
				46FE92DF225DF1C10007BD18 /* SLPrizeView.swift */,
				46FE92E1225DF1D10007BD18 /* SLPrizeView.xib */,
				46DF91C32252133300DCB733 /* Main.storyboard */,
				46DF91C62252133400DCB733 /* Assets.xcassets */,
				46DF91C82252133400DCB733 /* LaunchScreen.storyboard */,
				46DF91CB2252133400DCB733 /* Info.plist */,
			);
			path = SLLuckyDraw;
			sourceTree = "<group>";
		};
		46DF91D32252133500DCB733 /* SLLuckyDrawTests */ = {
			isa = PBXGroup;
			children = (
				46DF91D42252133500DCB733 /* SLLuckyDrawTests.swift */,
				46DF91D62252133500DCB733 /* Info.plist */,
			);
			path = SLLuckyDrawTests;
			sourceTree = "<group>";
		};
		46DF91DE2252133500DCB733 /* SLLuckyDrawUITests */ = {
			isa = PBXGroup;
			children = (
				46DF91DF2252133500DCB733 /* SLLuckyDrawUITests.swift */,
				46DF91E12252133500DCB733 /* Info.plist */,
			);
			path = SLLuckyDrawUITests;
			sourceTree = "<group>";
		};
/* End PBXGroup section */

/* Begin PBXNativeTarget section */
		46DF91BB2252133300DCB733 /* SLLuckyDraw */ = {
			isa = PBXNativeTarget;
			buildConfigurationList = 46DF91E42252133500DCB733 /* Build configuration list for PBXNativeTarget "SLLuckyDraw" */;
			buildPhases = (
				46DF91B82252133300DCB733 /* Sources */,
				46DF91B92252133300DCB733 /* Frameworks */,
				46DF91BA2252133300DCB733 /* Resources */,
			);
			buildRules = (
			);
			dependencies = (
			);
			name = SLLuckyDraw;
			productName = SLLuckyDraw;
			productReference = 46DF91BC2252133300DCB733 /* SLLuckyDraw.app */;
			productType = "com.apple.product-type.application";
		};
		46DF91CF2252133500DCB733 /* SLLuckyDrawTests */ = {
			isa = PBXNativeTarget;
			buildConfigurationList = 46DF91E72252133500DCB733 /* Build configuration list for PBXNativeTarget "SLLuckyDrawTests" */;
			buildPhases = (
				46DF91CC2252133500DCB733 /* Sources */,
				46DF91CD2252133500DCB733 /* Frameworks */,
				46DF91CE2252133500DCB733 /* Resources */,
			);
			buildRules = (
			);
			dependencies = (
				46DF91D22252133500DCB733 /* PBXTargetDependency */,
			);
			name = SLLuckyDrawTests;
			productName = SLLuckyDrawTests;
			productReference = 46DF91D02252133500DCB733 /* SLLuckyDrawTests.xctest */;
			productType = "com.apple.product-type.bundle.unit-test";
		};
		46DF91DA2252133500DCB733 /* SLLuckyDrawUITests */ = {
			isa = PBXNativeTarget;
			buildConfigurationList = 46DF91EA2252133500DCB733 /* Build configuration list for PBXNativeTarget "SLLuckyDrawUITests" */;
			buildPhases = (
				46DF91D72252133500DCB733 /* Sources */,
				46DF91D82252133500DCB733 /* Frameworks */,
				46DF91D92252133500DCB733 /* Resources */,
			);
			buildRules = (
			);
			dependencies = (
				46DF91DD2252133500DCB733 /* PBXTargetDependency */,
			);
			name = SLLuckyDrawUITests;
			productName = SLLuckyDrawUITests;
			productReference = 46DF91DB2252133500DCB733 /* SLLuckyDrawUITests.xctest */;
			productType = "com.apple.product-type.bundle.ui-testing";
		};
/* End PBXNativeTarget section */

/* Begin PBXProject section */
		46DF91B42252133300DCB733 /* Project object */ = {
			isa = PBXProject;
			attributes = {
				LastSwiftUpdateCheck = 1010;
				LastUpgradeCheck = 1010;
				ORGANIZATIONNAME = skillLan;
				TargetAttributes = {
					46DF91BB2252133300DCB733 = {
						CreatedOnToolsVersion = 10.1;
					};
					46DF91CF2252133500DCB733 = {
						CreatedOnToolsVersion = 10.1;
						TestTargetID = 46DF91BB2252133300DCB733;
					};
					46DF91DA2252133500DCB733 = {
						CreatedOnToolsVersion = 10.1;
						TestTargetID = 46DF91BB2252133300DCB733;
					};
				};
			};
			buildConfigurationList = 46DF91B72252133300DCB733 /* Build configuration list for PBXProject "SLLuckyDraw" */;
			compatibilityVersion = "Xcode 9.3";
			developmentRegion = en;
			hasScannedForEncodings = 0;
			knownRegions = (
				en,
				Base,
			);
			mainGroup = 46DF91B32252133300DCB733;
			productRefGroup = 46DF91BD2252133300DCB733 /* Products */;
			projectDirPath = "";
			projectRoot = "";
			targets = (
				46DF91BB2252133300DCB733 /* SLLuckyDraw */,
				46DF91CF2252133500DCB733 /* SLLuckyDrawTests */,
				46DF91DA2252133500DCB733 /* SLLuckyDrawUITests */,
			);
		};
/* End PBXProject section */

/* Begin PBXResourcesBuildPhase section */
		46DF91BA2252133300DCB733 /* Resources */ = {
			isa = PBXResourcesBuildPhase;
			buildActionMask = 2147483647;
			files = (
				46DF91CA2252133400DCB733 /* LaunchScreen.storyboard in Resources */,
				46DF91C72252133400DCB733 /* Assets.xcassets in Resources */,
				46FE92E2225DF1D10007BD18 /* SLPrizeView.xib in Resources */,
				468EB686225335F400529F03 /* SLLuckdrawView.xib in Resources */,
				46DF91C52252133300DCB733 /* Main.storyboard in Resources */,
			);
			runOnlyForDeploymentPostprocessing = 0;
		};
		46DF91CE2252133500DCB733 /* Resources */ = {
			isa = PBXResourcesBuildPhase;
			buildActionMask = 2147483647;
			files = (
			);
			runOnlyForDeploymentPostprocessing = 0;
		};
		46DF91D92252133500DCB733 /* Resources */ = {
			isa = PBXResourcesBuildPhase;
			buildActionMask = 2147483647;
			files = (
			);
			runOnlyForDeploymentPostprocessing = 0;
		};
/* End PBXResourcesBuildPhase section */

/* Begin PBXSourcesBuildPhase section */
		46DF91B82252133300DCB733 /* Sources */ = {
			isa = PBXSourcesBuildPhase;
			buildActionMask = 2147483647;
			files = (
				46DF91C22252133300DCB733 /* ViewController.swift in Sources */,
				46DF91C02252133300DCB733 /* AppDelegate.swift in Sources */,
				46FE92E0225DF1C10007BD18 /* SLPrizeView.swift in Sources */,
				468EB684225335DF00529F03 /* SLLuckdrawView.swift in Sources */,
				468EB68222532F7100529F03 /* SLChartVew.swift in Sources */,
				468EB6882253465000529F03 /* SLLuckdrawPieView.swift in Sources */,
			);
			runOnlyForDeploymentPostprocessing = 0;
		};
		46DF91CC2252133500DCB733 /* Sources */ = {
			isa = PBXSourcesBuildPhase;
			buildActionMask = 2147483647;
			files = (
				46DF91D52252133500DCB733 /* SLLuckyDrawTests.swift in Sources */,
			);
			runOnlyForDeploymentPostprocessing = 0;
		};
		46DF91D72252133500DCB733 /* Sources */ = {
			isa = PBXSourcesBuildPhase;
			buildActionMask = 2147483647;
			files = (
				46DF91E02252133500DCB733 /* SLLuckyDrawUITests.swift in Sources */,
			);
			runOnlyForDeploymentPostprocessing = 0;
		};
/* End PBXSourcesBuildPhase section */

/* Begin PBXTargetDependency section */
		46DF91D22252133500DCB733 /* PBXTargetDependency */ = {
			isa = PBXTargetDependency;
			target = 46DF91BB2252133300DCB733 /* SLLuckyDraw */;
			targetProxy = 46DF91D12252133500DCB733 /* PBXContainerItemProxy */;
		};
		46DF91DD2252133500DCB733 /* PBXTargetDependency */ = {
			isa = PBXTargetDependency;
			target = 46DF91BB2252133300DCB733 /* SLLuckyDraw */;
			targetProxy = 46DF91DC2252133500DCB733 /* PBXContainerItemProxy */;
		};
/* End PBXTargetDependency section */

/* Begin PBXVariantGroup section */
		46DF91C32252133300DCB733 /* Main.storyboard */ = {
			isa = PBXVariantGroup;
			children = (
				46DF91C42252133300DCB733 /* Base */,
			);
			name = Main.storyboard;
			sourceTree = "<group>";
		};
		46DF91C82252133400DCB733 /* LaunchScreen.storyboard */ = {
			isa = PBXVariantGroup;
			children = (
				46DF91C92252133400DCB733 /* Base */,
			);
			name = LaunchScreen.storyboard;
			sourceTree = "<group>";
		};
/* End PBXVariantGroup section */

/* Begin XCBuildConfiguration section */
		46DF91E22252133500DCB733 /* Debug */ = {
			isa = XCBuildConfiguration;
			buildSettings = {
				ALWAYS_SEARCH_USER_PATHS = NO;
				CLANG_ANALYZER_NONNULL = YES;
				CLANG_ANALYZER_NUMBER_OBJECT_CONVERSION = YES_AGGRESSIVE;
				CLANG_CXX_LANGUAGE_STANDARD = "gnu++14";
				CLANG_CXX_LIBRARY = "libc++";
				CLANG_ENABLE_MODULES = YES;
				CLANG_ENABLE_OBJC_ARC = YES;
				CLANG_ENABLE_OBJC_WEAK = YES;
				CLANG_WARN_BLOCK_CAPTURE_AUTORELEASING = YES;
				CLANG_WARN_BOOL_CONVERSION = YES;
				CLANG_WARN_COMMA = YES;
				CLANG_WARN_CONSTANT_CONVERSION = YES;
				CLANG_WARN_DEPRECATED_OBJC_IMPLEMENTATIONS = YES;
				CLANG_WARN_DIRECT_OBJC_ISA_USAGE = YES_ERROR;
				CLANG_WARN_DOCUMENTATION_COMMENTS = YES;
				CLANG_WARN_EMPTY_BODY = YES;
				CLANG_WARN_ENUM_CONVERSION = YES;
				CLANG_WARN_INFINITE_RECURSION = YES;
				CLANG_WARN_INT_CONVERSION = YES;
				CLANG_WARN_NON_LITERAL_NULL_CONVERSION = YES;
				CLANG_WARN_OBJC_IMPLICIT_RETAIN_SELF = YES;
				CLANG_WARN_OBJC_LITERAL_CONVERSION = YES;
				CLANG_WARN_OBJC_ROOT_CLASS = YES_ERROR;
				CLANG_WARN_RANGE_LOOP_ANALYSIS = YES;
				CLANG_WARN_STRICT_PROTOTYPES = YES;
				CLANG_WARN_SUSPICIOUS_MOVE = YES;
				CLANG_WARN_UNGUARDED_AVAILABILITY = YES_AGGRESSIVE;
				CLANG_WARN_UNREACHABLE_CODE = YES;
				CLANG_WARN__DUPLICATE_METHOD_MATCH = YES;
				CODE_SIGN_IDENTITY = "iPhone Developer";
				COPY_PHASE_STRIP = NO;
				DEBUG_INFORMATION_FORMAT = dwarf;
				ENABLE_STRICT_OBJC_MSGSEND = YES;
				ENABLE_TESTABILITY = YES;
				GCC_C_LANGUAGE_STANDARD = gnu11;
				GCC_DYNAMIC_NO_PIC = NO;
				GCC_NO_COMMON_BLOCKS = YES;
				GCC_OPTIMIZATION_LEVEL = 0;
				GCC_PREPROCESSOR_DEFINITIONS = (
					"DEBUG=1",
					"$(inherited)",
				);
				GCC_WARN_64_TO_32_BIT_CONVERSION = YES;
				GCC_WARN_ABOUT_RETURN_TYPE = YES_ERROR;
				GCC_WARN_UNDECLARED_SELECTOR = YES;
				GCC_WARN_UNINITIALIZED_AUTOS = YES_AGGRESSIVE;
				GCC_WARN_UNUSED_FUNCTION = YES;
				GCC_WARN_UNUSED_VARIABLE = YES;
				IPHONEOS_DEPLOYMENT_TARGET = 12.1;
				MTL_ENABLE_DEBUG_INFO = INCLUDE_SOURCE;
				MTL_FAST_MATH = YES;
				ONLY_ACTIVE_ARCH = YES;
				SDKROOT = iphoneos;
				SWIFT_ACTIVE_COMPILATION_CONDITIONS = DEBUG;
				SWIFT_OPTIMIZATION_LEVEL = "-Onone";
			};
			name = Debug;
		};
		46DF91E32252133500DCB733 /* Release */ = {
			isa = XCBuildConfiguration;
			buildSettings = {
				ALWAYS_SEARCH_USER_PATHS = NO;
				CLANG_ANALYZER_NONNULL = YES;
				CLANG_ANALYZER_NUMBER_OBJECT_CONVERSION = YES_AGGRESSIVE;
				CLANG_CXX_LANGUAGE_STANDARD = "gnu++14";
				CLANG_CXX_LIBRARY = "libc++";
				CLANG_ENABLE_MODULES = YES;
				CLANG_ENABLE_OBJC_ARC = YES;
				CLANG_ENABLE_OBJC_WEAK = YES;
				CLANG_WARN_BLOCK_CAPTURE_AUTORELEASING = YES;
				CLANG_WARN_BOOL_CONVERSION = YES;
				CLANG_WARN_COMMA = YES;
				CLANG_WARN_CONSTANT_CONVERSION = YES;
				CLANG_WARN_DEPRECATED_OBJC_IMPLEMENTATIONS = YES;
				CLANG_WARN_DIRECT_OBJC_ISA_USAGE = YES_ERROR;
				CLANG_WARN_DOCUMENTATION_COMMENTS = YES;
				CLANG_WARN_EMPTY_BODY = YES;
				CLANG_WARN_ENUM_CONVERSION = YES;
				CLANG_WARN_INFINITE_RECURSION = YES;
				CLANG_WARN_INT_CONVERSION = YES;
				CLANG_WARN_NON_LITERAL_NULL_CONVERSION = YES;
				CLANG_WARN_OBJC_IMPLICIT_RETAIN_SELF = YES;
				CLANG_WARN_OBJC_LITERAL_CONVERSION = YES;
				CLANG_WARN_OBJC_ROOT_CLASS = YES_ERROR;
				CLANG_WARN_RANGE_LOOP_ANALYSIS = YES;
				CLANG_WARN_STRICT_PROTOTYPES = YES;
				CLANG_WARN_SUSPICIOUS_MOVE = YES;
				CLANG_WARN_UNGUARDED_AVAILABILITY = YES_AGGRESSIVE;
				CLANG_WARN_UNREACHABLE_CODE = YES;
				CLANG_WARN__DUPLICATE_METHOD_MATCH = YES;
				CODE_SIGN_IDENTITY = "iPhone Developer";
				COPY_PHASE_STRIP = NO;
				DEBUG_INFORMATION_FORMAT = "dwarf-with-dsym";
				ENABLE_NS_ASSERTIONS = NO;
				ENABLE_STRICT_OBJC_MSGSEND = YES;
				GCC_C_LANGUAGE_STANDARD = gnu11;
				GCC_NO_COMMON_BLOCKS = YES;
				GCC_WARN_64_TO_32_BIT_CONVERSION = YES;
				GCC_WARN_ABOUT_RETURN_TYPE = YES_ERROR;
				GCC_WARN_UNDECLARED_SELECTOR = YES;
				GCC_WARN_UNINITIALIZED_AUTOS = YES_AGGRESSIVE;
				GCC_WARN_UNUSED_FUNCTION = YES;
				GCC_WARN_UNUSED_VARIABLE = YES;
				IPHONEOS_DEPLOYMENT_TARGET = 12.1;
				MTL_ENABLE_DEBUG_INFO = NO;
				MTL_FAST_MATH = YES;
				SDKROOT = iphoneos;
				SWIFT_COMPILATION_MODE = wholemodule;
				SWIFT_OPTIMIZATION_LEVEL = "-O";
				VALIDATE_PRODUCT = YES;
			};
			name = Release;
		};
		46DF91E52252133500DCB733 /* Debug */ = {
			isa = XCBuildConfiguration;
			buildSettings = {
				ASSETCATALOG_COMPILER_APPICON_NAME = AppIcon;
				CODE_SIGN_STYLE = Automatic;
				DEVELOPMENT_TEAM = ZL4PRYBZAW;
				INFOPLIST_FILE = SLLuckyDraw/Info.plist;
				LD_RUNPATH_SEARCH_PATHS = (
					"$(inherited)",
					"@executable_path/Frameworks",
				);
				PRODUCT_BUNDLE_IDENTIFIER = SL.cc;
				PRODUCT_NAME = "$(TARGET_NAME)";
				SWIFT_VERSION = 4.2;
				TARGETED_DEVICE_FAMILY = "1,2";
			};
			name = Debug;
		};
		46DF91E62252133500DCB733 /* Release */ = {
			isa = XCBuildConfiguration;
			buildSettings = {
				ASSETCATALOG_COMPILER_APPICON_NAME = AppIcon;
				CODE_SIGN_STYLE = Automatic;
				DEVELOPMENT_TEAM = ZL4PRYBZAW;
				INFOPLIST_FILE = SLLuckyDraw/Info.plist;
				LD_RUNPATH_SEARCH_PATHS = (
					"$(inherited)",
					"@executable_path/Frameworks",
				);
				PRODUCT_BUNDLE_IDENTIFIER = SL.cc;
				PRODUCT_NAME = "$(TARGET_NAME)";
				SWIFT_VERSION = 4.2;
				TARGETED_DEVICE_FAMILY = "1,2";
			};
			name = Release;
		};
		46DF91E82252133500DCB733 /* Debug */ = {
			isa = XCBuildConfiguration;
			buildSettings = {
				ALWAYS_EMBED_SWIFT_STANDARD_LIBRARIES = YES;
				BUNDLE_LOADER = "$(TEST_HOST)";
				CODE_SIGN_STYLE = Automatic;
				INFOPLIST_FILE = SLLuckyDrawTests/Info.plist;
				LD_RUNPATH_SEARCH_PATHS = (
					"$(inherited)",
					"@executable_path/Frameworks",
					"@loader_path/Frameworks",
				);
				PRODUCT_BUNDLE_IDENTIFIER = skillLan.SLLuckyDrawTests;
				PRODUCT_NAME = "$(TARGET_NAME)";
				SWIFT_VERSION = 4.2;
				TARGETED_DEVICE_FAMILY = "1,2";
				TEST_HOST = "$(BUILT_PRODUCTS_DIR)/SLLuckyDraw.app/SLLuckyDraw";
			};
			name = Debug;
		};
		46DF91E92252133500DCB733 /* Release */ = {
			isa = XCBuildConfiguration;
			buildSettings = {
				ALWAYS_EMBED_SWIFT_STANDARD_LIBRARIES = YES;
				BUNDLE_LOADER = "$(TEST_HOST)";
				CODE_SIGN_STYLE = Automatic;
				INFOPLIST_FILE = SLLuckyDrawTests/Info.plist;
				LD_RUNPATH_SEARCH_PATHS = (
					"$(inherited)",
					"@executable_path/Frameworks",
					"@loader_path/Frameworks",
				);
				PRODUCT_BUNDLE_IDENTIFIER = skillLan.SLLuckyDrawTests;
				PRODUCT_NAME = "$(TARGET_NAME)";
				SWIFT_VERSION = 4.2;
				TARGETED_DEVICE_FAMILY = "1,2";
				TEST_HOST = "$(BUILT_PRODUCTS_DIR)/SLLuckyDraw.app/SLLuckyDraw";
			};
			name = Release;
		};
		46DF91EB2252133500DCB733 /* Debug */ = {
			isa = XCBuildConfiguration;
			buildSettings = {
				ALWAYS_EMBED_SWIFT_STANDARD_LIBRARIES = YES;
				CODE_SIGN_STYLE = Automatic;
				INFOPLIST_FILE = SLLuckyDrawUITests/Info.plist;
				LD_RUNPATH_SEARCH_PATHS = (
					"$(inherited)",
					"@executable_path/Frameworks",
					"@loader_path/Frameworks",
				);
				PRODUCT_BUNDLE_IDENTIFIER = skillLan.SLLuckyDrawUITests;
				PRODUCT_NAME = "$(TARGET_NAME)";
				SWIFT_VERSION = 4.2;
				TARGETED_DEVICE_FAMILY = "1,2";
				TEST_TARGET_NAME = SLLuckyDraw;
			};
			name = Debug;
		};
		46DF91EC2252133500DCB733 /* Release */ = {
			isa = XCBuildConfiguration;
			buildSettings = {
				ALWAYS_EMBED_SWIFT_STANDARD_LIBRARIES = YES;
				CODE_SIGN_STYLE = Automatic;
				INFOPLIST_FILE = SLLuckyDrawUITests/Info.plist;
				LD_RUNPATH_SEARCH_PATHS = (
					"$(inherited)",
					"@executable_path/Frameworks",
					"@loader_path/Frameworks",
				);
				PRODUCT_BUNDLE_IDENTIFIER = skillLan.SLLuckyDrawUITests;
				PRODUCT_NAME = "$(TARGET_NAME)";
				SWIFT_VERSION = 4.2;
				TARGETED_DEVICE_FAMILY = "1,2";
				TEST_TARGET_NAME = SLLuckyDraw;
			};
			name = Release;
		};
/* End XCBuildConfiguration section */

/* Begin XCConfigurationList section */
		46DF91B72252133300DCB733 /* Build configuration list for PBXProject "SLLuckyDraw" */ = {
			isa = XCConfigurationList;
			buildConfigurations = (
				46DF91E22252133500DCB733 /* Debug */,
				46DF91E32252133500DCB733 /* Release */,
			);
			defaultConfigurationIsVisible = 0;
			defaultConfigurationName = Release;
		};
		46DF91E42252133500DCB733 /* Build configuration list for PBXNativeTarget "SLLuckyDraw" */ = {
			isa = XCConfigurationList;
			buildConfigurations = (
				46DF91E52252133500DCB733 /* Debug */,
				46DF91E62252133500DCB733 /* Release */,
			);
			defaultConfigurationIsVisible = 0;
			defaultConfigurationName = Release;
		};
		46DF91E72252133500DCB733 /* Build configuration list for PBXNativeTarget "SLLuckyDrawTests" */ = {
			isa = XCConfigurationList;
			buildConfigurations = (
				46DF91E82252133500DCB733 /* Debug */,
				46DF91E92252133500DCB733 /* Release */,
			);
			defaultConfigurationIsVisible = 0;
			defaultConfigurationName = Release;
		};
		46DF91EA2252133500DCB733 /* Build configuration list for PBXNativeTarget "SLLuckyDrawUITests" */ = {
			isa = XCConfigurationList;
			buildConfigurations = (
				46DF91EB2252133500DCB733 /* Debug */,
				46DF91EC2252133500DCB733 /* Release */,
			);
			defaultConfigurationIsVisible = 0;
			defaultConfigurationName = Release;
		};
/* End XCConfigurationList section */
	};
	rootObject = 46DF91B42252133300DCB733 /* Project object */;
}
